
Microsoft Visual Studio Solution File, Format Version 12.00
# Visual Studio Version 17
VisualStudioVersion = 17.3.32929.385
MinimumVisualStudioVersion = 10.0.40219.1
Project("{FAE04EC0-301F-11D3-BF4B-00C04F79EFBC}") = "ListadeCompras.Android", "ListadeCompras\ListadeCompras.Android\ListadeCompras.Android.csproj", "{B28B87A1-87CD-44A9-B0A1-05374B3DBBEB}"
EndProject
Project("{FAE04EC0-301F-11D3-BF4B-00C04F79EFBC}") = "ListadeCompras", "ListadeCompras\ListadeCompras\ListadeCompras.csproj", "{58273BBB-3F35-4648-855C-41AB6F848789}"
EndProject
Global
	GlobalSection(SolutionConfigurationPlatforms) = preSolution
		Debug|Any CPU = Debug|Any CPU
		Release|Any CPU = Release|Any CPU
	EndGlobalSection
	GlobalSection(ProjectConfigurationPlatforms) = postSolution
		{B28B87A1-87CD-44A9-B0A1-05374B3DBBEB}.Debug|Any CPU.ActiveCfg = Debug|Any CPU
		{B28B87A1-87CD-44A9-B0A1-05374B3DBBEB}.Debug|Any CPU.Build.0 = Debug|Any CPU
		{B28B87A1-87CD-44A9-B0A1-05374B3DBBEB}.Debug|Any CPU.Deploy.0 = Debug|Any CPU
		{B28B87A1-87CD-44A9-B0A1-05374B3DBBEB}.Release|Any CPU.ActiveCfg = Release|Any CPU
		{B28B87A1-87CD-44A9-B0A1-05374B3DBBEB}.Release|Any CPU.Build.0 = Release|Any CPU
		{B28B87A1-87CD-44A9-B0A1-05374B3DBBEB}.Release|Any CPU.Deploy.0 = Release|Any CPU
		{58273BBB-3F35-4648-855C-41AB6F848789}.Debug|Any CPU.ActiveCfg = Debug|Any CPU
		{58273BBB-3F35-4648-855C-41AB6F848789}.Debug|Any CPU.Build.0 = Debug|Any CPU
		{58273BBB-3F35-4648-855C-41AB6F848789}.Debug|Any CPU.Deploy.0 = Debug|Any CPU
		{58273BBB-3F35-4648-855C-41AB6F848789}.Release|Any CPU.ActiveCfg = Release|Any CPU
		{58273BBB-3F35-4648-855C-41AB6F848789}.Release|Any CPU.Build.0 = Release|Any CPU
		{58273BBB-3F35-4648-855C-41AB6F848789}.Release|Any CPU.Deploy.0 = Release|Any CPU
	EndGlobalSection
	GlobalSection(SolutionProperties) = preSolution
		HideSolutionNode = FALSE
	EndGlobalSection
	GlobalSection(ExtensibilityGlobals) = postSolution
		SolutionGuid = {F07A05CE-3673-4AA8-9D8C-30EDC46AF10B}
	EndGlobalSection
EndGlobal
